
Microsoft Visual Studio Solution File, Format Version 12.00
Project("{FAE04EC0-301F-11D3-BF4B-00C04F79EFBC}") = "TradingJournal.Application", "TradingJournal.Application\TradingJournal.Application.csproj", "{6CC87C39-A92B-477A-8EEE-7114242BA65E}"
EndProject
Project("{FAE04EC0-301F-11D3-BF4B-00C04F79EFBC}") = "TradingJournal.MemoryPersistence", "TradingJournal.MemoryPersistence\TradingJournal.MemoryPersistence.csproj", "{08CAD13D-40C5-47BD-B91C-075FA2BAC821}"
EndProject
Project("{FAE04EC0-301F-11D3-BF4B-00C04F79EFBC}") = "TradingJournal.DeviceUI", "TradingJournal.DeviceUI\TradingJournal.DeviceUI.csproj", "{34E8108C-4765-407B-93F0-18D041DFEF45}"
EndProject
Global
	GlobalSection(SolutionConfigurationPlatforms) = preSolution
		Debug|Any CPU = Debug|Any CPU
		Release|Any CPU = Release|Any CPU
	EndGlobalSection
	GlobalSection(ProjectConfigurationPlatforms) = postSolution
		{6CC87C39-A92B-477A-8EEE-7114242BA65E}.Debug|Any CPU.ActiveCfg = Debug|Any CPU
		{6CC87C39-A92B-477A-8EEE-7114242BA65E}.Debug|Any CPU.Build.0 = Debug|Any CPU
		{6CC87C39-A92B-477A-8EEE-7114242BA65E}.Release|Any CPU.ActiveCfg = Release|Any CPU
		{6CC87C39-A92B-477A-8EEE-7114242BA65E}.Release|Any CPU.Build.0 = Release|Any CPU
		{08CAD13D-40C5-47BD-B91C-075FA2BAC821}.Debug|Any CPU.ActiveCfg = Debug|Any CPU
		{08CAD13D-40C5-47BD-B91C-075FA2BAC821}.Debug|Any CPU.Build.0 = Debug|Any CPU
		{08CAD13D-40C5-47BD-B91C-075FA2BAC821}.Release|Any CPU.ActiveCfg = Release|Any CPU
		{08CAD13D-40C5-47BD-B91C-075FA2BAC821}.Release|Any CPU.Build.0 = Release|Any CPU
		{34E8108C-4765-407B-93F0-18D041DFEF45}.Debug|Any CPU.ActiveCfg = Debug|Any CPU
		{34E8108C-4765-407B-93F0-18D041DFEF45}.Debug|Any CPU.Build.0 = Debug|Any CPU
		{34E8108C-4765-407B-93F0-18D041DFEF45}.Release|Any CPU.ActiveCfg = Release|Any CPU
		{34E8108C-4765-407B-93F0-18D041DFEF45}.Release|Any CPU.Build.0 = Release|Any CPU
	EndGlobalSection
EndGlobal
