
Microsoft Visual Studio Solution File, Format Version 12.00
Project("{FAE04EC0-301F-11D3-BF4B-00C04F79EFBC}") = "Norison.TradingJournal.Application", "Norison.TradingJournal.Application\Norison.TradingJournal.Application.csproj", "{6CC87C39-A92B-477A-8EEE-7114242BA65E}"
EndProject
Project("{2150E333-8FDC-42A3-9474-1A3956D46DE8}") = "Test", "Test", "{D84FDC56-EEB7-41EA-844C-9524A8338895}"
EndProject
Project("{FAE04EC0-301F-11D3-BF4B-00C04F79EFBC}") = "Norison.TradingJournal.Application.UnitTests", "Test\Norison.TradingJournal.Application.UnitTests\Norison.TradingJournal.Application.UnitTests.csproj", "{E732948F-6F3C-4328-8502-D997D7F6D14E}"
EndProject
Project("{FAE04EC0-301F-11D3-BF4B-00C04F79EFBC}") = "Norison.TradingJournal.EfPersistence", "Norison.TradingJournal.EfPersistence\Norison.TradingJournal.EfPersistence.csproj", "{299D3C23-4160-4F66-BF89-99E280071B8B}"
EndProject
Project("{FAE04EC0-301F-11D3-BF4B-00C04F79EFBC}") = "Norison.TradingJournal.WpfDesktop", "Norison.TradingJournal.WpfDesktop\Norison.TradingJournal.WpfDesktop.csproj", "{6AE02F9B-8C82-459E-98BB-6C74A004E7DD}"
EndProject
Global
	GlobalSection(SolutionConfigurationPlatforms) = preSolution
		Debug|Any CPU = Debug|Any CPU
		Release|Any CPU = Release|Any CPU
	EndGlobalSection
	GlobalSection(ProjectConfigurationPlatforms) = postSolution
		{6CC87C39-A92B-477A-8EEE-7114242BA65E}.Debug|Any CPU.ActiveCfg = Debug|Any CPU
		{6CC87C39-A92B-477A-8EEE-7114242BA65E}.Debug|Any CPU.Build.0 = Debug|Any CPU
		{6CC87C39-A92B-477A-8EEE-7114242BA65E}.Release|Any CPU.ActiveCfg = Release|Any CPU
		{6CC87C39-A92B-477A-8EEE-7114242BA65E}.Release|Any CPU.Build.0 = Release|Any CPU
		{E732948F-6F3C-4328-8502-D997D7F6D14E}.Debug|Any CPU.ActiveCfg = Debug|Any CPU
		{E732948F-6F3C-4328-8502-D997D7F6D14E}.Debug|Any CPU.Build.0 = Debug|Any CPU
		{E732948F-6F3C-4328-8502-D997D7F6D14E}.Release|Any CPU.ActiveCfg = Release|Any CPU
		{E732948F-6F3C-4328-8502-D997D7F6D14E}.Release|Any CPU.Build.0 = Release|Any CPU
		{299D3C23-4160-4F66-BF89-99E280071B8B}.Debug|Any CPU.ActiveCfg = Debug|Any CPU
		{299D3C23-4160-4F66-BF89-99E280071B8B}.Debug|Any CPU.Build.0 = Debug|Any CPU
		{299D3C23-4160-4F66-BF89-99E280071B8B}.Release|Any CPU.ActiveCfg = Release|Any CPU
		{299D3C23-4160-4F66-BF89-99E280071B8B}.Release|Any CPU.Build.0 = Release|Any CPU
		{6AE02F9B-8C82-459E-98BB-6C74A004E7DD}.Debug|Any CPU.ActiveCfg = Debug|Any CPU
		{6AE02F9B-8C82-459E-98BB-6C74A004E7DD}.Debug|Any CPU.Build.0 = Debug|Any CPU
		{6AE02F9B-8C82-459E-98BB-6C74A004E7DD}.Release|Any CPU.ActiveCfg = Release|Any CPU
		{6AE02F9B-8C82-459E-98BB-6C74A004E7DD}.Release|Any CPU.Build.0 = Release|Any CPU
	EndGlobalSection
	GlobalSection(NestedProjects) = preSolution
		{E732948F-6F3C-4328-8502-D997D7F6D14E} = {D84FDC56-EEB7-41EA-844C-9524A8338895}
	EndGlobalSection
EndGlobal
